PODS:
  - FCPrivacyAuthTool (0.0.1)

DEPENDENCIES:
  - FCPrivacyAuthTool (from `../`)

EXTERNAL SOURCES:
  FCPrivacyAuthTool:
    :path: "../"

SPEC CHECKSUMS:
  FCPrivacyAuthTool: 93812801894093cba83a9e7de1f79489bc4ddc9f

PODFILE CHECKSUM: b76b658d8631b6cb32fbea51fe2d6863e0742541

COCOAPODS: 1.11.3
